
Microsoft Visual Studio Solution File, Format Version 12.00
# Visual Studio Version 17
VisualStudioVersion = 17.10.35122.118
MinimumVisualStudioVersion = 10.0.40219.1
Project("{FAE04EC0-301F-11D3-BF4B-00C04F79EFBC}") = "U5 Tarea", "U5 Tarea\U5 Tarea.csproj", "{C64E3CD8-3822-4BE6-A826-4980618A39AC}"
EndProject
Global
	GlobalSection(SolutionConfigurationPlatforms) = preSolution
		Debug|Any CPU = Debug|Any CPU
		Release|Any CPU = Release|Any CPU
	EndGlobalSection
	GlobalSection(ProjectConfigurationPlatforms) = postSolution
		{C64E3CD8-3822-4BE6-A826-4980618A39AC}.Debug|Any CPU.ActiveCfg = Debug|Any CPU
		{C64E3CD8-3822-4BE6-A826-4980618A39AC}.Debug|Any CPU.Build.0 = Debug|Any CPU
		{C64E3CD8-3822-4BE6-A826-4980618A39AC}.Release|Any CPU.ActiveCfg = Release|Any CPU
		{C64E3CD8-3822-4BE6-A826-4980618A39AC}.Release|Any CPU.Build.0 = Release|Any CPU
	EndGlobalSection
	GlobalSection(SolutionProperties) = preSolution
		HideSolutionNode = FALSE
	EndGlobalSection
	GlobalSection(ExtensibilityGlobals) = postSolution
		SolutionGuid = {1EAFAD04-FC31-4C69-A67C-F2B149BA329C}
	EndGlobalSection
EndGlobal
